
Microsoft Visual Studio Solution File, Format Version 12.00
# Visual Studio 15
VisualStudioVersion = 15.0.27703.2035
MinimumVisualStudioVersion = 10.0.40219.1
Project("{FAE04EC0-301F-11D3-BF4B-00C04F79EFBC}") = "Bili-dl", "Bili-dl\Bili-dl.csproj", "{C15D675D-ECBC-4EAE-84F9-B115A5FA8D56}"
EndProject
Project("{FAE04EC0-301F-11D3-BF4B-00C04F79EFBC}") = "Bili-dl-updater", "Bili-dl-updater\Bili-dl-updater.csproj", "{1C789A5C-F259-4765-B4E3-941758E1BDF1}"
EndProject
Global
	GlobalSection(SolutionConfigurationPlatforms) = preSolution
		Debug|Any CPU = Debug|Any CPU
		Release|Any CPU = Release|Any CPU
	EndGlobalSection
	GlobalSection(ProjectConfigurationPlatforms) = postSolution
		{C15D675D-ECBC-4EAE-84F9-B115A5FA8D56}.Debug|Any CPU.ActiveCfg = Debug|Any CPU
		{C15D675D-ECBC-4EAE-84F9-B115A5FA8D56}.Debug|Any CPU.Build.0 = Debug|Any CPU
		{C15D675D-ECBC-4EAE-84F9-B115A5FA8D56}.Release|Any CPU.ActiveCfg = Release|Any CPU
		{C15D675D-ECBC-4EAE-84F9-B115A5FA8D56}.Release|Any CPU.Build.0 = Release|Any CPU
		{1C789A5C-F259-4765-B4E3-941758E1BDF1}.Debug|Any CPU.ActiveCfg = Debug|Any CPU
		{1C789A5C-F259-4765-B4E3-941758E1BDF1}.Debug|Any CPU.Build.0 = Debug|Any CPU
		{1C789A5C-F259-4765-B4E3-941758E1BDF1}.Release|Any CPU.ActiveCfg = Release|Any CPU
		{1C789A5C-F259-4765-B4E3-941758E1BDF1}.Release|Any CPU.Build.0 = Release|Any CPU
	EndGlobalSection
	GlobalSection(SolutionProperties) = preSolution
		HideSolutionNode = FALSE
	EndGlobalSection
	GlobalSection(ExtensibilityGlobals) = postSolution
		SolutionGuid = {8A632856-FB61-474F-BA85-3195F5597FD6}
	EndGlobalSection
EndGlobal
